
Microsoft Visual Studio Solution File, Format Version 12.00
# Visual Studio Version 17
VisualStudioVersion = 17.0.31903.59
MinimumVisualStudioVersion = 10.0.40219.1
Project("{FAE04EC0-301F-11D3-BF4B-00C04F79EFBC}") = "Etapa1-2", "Etapa1-2\Etapa1-2.csproj", "{28638B25-BFDD-4416-A976-162719340CAB}"
EndProject
Project("{FAE04EC0-301F-11D3-BF4B-00C04F79EFBC}") = "Etapa3", "Etapa3\Etapa3.csproj", "{983F5AED-D404-4DA3-A8E3-839082C4CB66}"
EndProject
Project("{FAE04EC0-301F-11D3-BF4B-00C04F79EFBC}") = "Etapa4", "Etapa4\Etapa4.csproj", "{A014D281-EF6F-4CCD-B9A7-AB763FEE20C1}"
EndProject
Project("{FAE04EC0-301F-11D3-BF4B-00C04F79EFBC}") = "Etapa5", "Etapa5\Etapa5.csproj", "{C7F4C29A-47AF-42D7-A5B8-82FA82A2DF6F}"
EndProject
Project("{FAE04EC0-301F-11D3-BF4B-00C04F79EFBC}") = "Etapa6", "Etapa6\Etapa6.csproj", "{3A944C0B-3114-4B91-80E4-51823A13CD49}"
EndProject
Project("{FAE04EC0-301F-11D3-BF4B-00C04F79EFBC}") = "Etapa7", "Etapa7\Etapa7.csproj", "{F3251E6E-5B6A-425E-AD3A-53F5307F90A7}"
EndProject
Global
	GlobalSection(SolutionConfigurationPlatforms) = preSolution
		Debug|Any CPU = Debug|Any CPU
		Release|Any CPU = Release|Any CPU
	EndGlobalSection
	GlobalSection(SolutionProperties) = preSolution
		HideSolutionNode = FALSE
	EndGlobalSection
	GlobalSection(ProjectConfigurationPlatforms) = postSolution
		{28638B25-BFDD-4416-A976-162719340CAB}.Debug|Any CPU.ActiveCfg = Debug|Any CPU
		{28638B25-BFDD-4416-A976-162719340CAB}.Debug|Any CPU.Build.0 = Debug|Any CPU
		{28638B25-BFDD-4416-A976-162719340CAB}.Release|Any CPU.ActiveCfg = Release|Any CPU
		{28638B25-BFDD-4416-A976-162719340CAB}.Release|Any CPU.Build.0 = Release|Any CPU
		{983F5AED-D404-4DA3-A8E3-839082C4CB66}.Debug|Any CPU.ActiveCfg = Debug|Any CPU
		{983F5AED-D404-4DA3-A8E3-839082C4CB66}.Debug|Any CPU.Build.0 = Debug|Any CPU
		{983F5AED-D404-4DA3-A8E3-839082C4CB66}.Release|Any CPU.ActiveCfg = Release|Any CPU
		{983F5AED-D404-4DA3-A8E3-839082C4CB66}.Release|Any CPU.Build.0 = Release|Any CPU
		{A014D281-EF6F-4CCD-B9A7-AB763FEE20C1}.Debug|Any CPU.ActiveCfg = Debug|Any CPU
		{A014D281-EF6F-4CCD-B9A7-AB763FEE20C1}.Debug|Any CPU.Build.0 = Debug|Any CPU
		{A014D281-EF6F-4CCD-B9A7-AB763FEE20C1}.Release|Any CPU.ActiveCfg = Release|Any CPU
		{A014D281-EF6F-4CCD-B9A7-AB763FEE20C1}.Release|Any CPU.Build.0 = Release|Any CPU
		{C7F4C29A-47AF-42D7-A5B8-82FA82A2DF6F}.Debug|Any CPU.ActiveCfg = Debug|Any CPU
		{C7F4C29A-47AF-42D7-A5B8-82FA82A2DF6F}.Debug|Any CPU.Build.0 = Debug|Any CPU
		{C7F4C29A-47AF-42D7-A5B8-82FA82A2DF6F}.Release|Any CPU.ActiveCfg = Release|Any CPU
		{C7F4C29A-47AF-42D7-A5B8-82FA82A2DF6F}.Release|Any CPU.Build.0 = Release|Any CPU
		{3A944C0B-3114-4B91-80E4-51823A13CD49}.Debug|Any CPU.ActiveCfg = Debug|Any CPU
		{3A944C0B-3114-4B91-80E4-51823A13CD49}.Debug|Any CPU.Build.0 = Debug|Any CPU
		{3A944C0B-3114-4B91-80E4-51823A13CD49}.Release|Any CPU.ActiveCfg = Release|Any CPU
		{3A944C0B-3114-4B91-80E4-51823A13CD49}.Release|Any CPU.Build.0 = Release|Any CPU
		{F3251E6E-5B6A-425E-AD3A-53F5307F90A7}.Debug|Any CPU.ActiveCfg = Debug|Any CPU
		{F3251E6E-5B6A-425E-AD3A-53F5307F90A7}.Debug|Any CPU.Build.0 = Debug|Any CPU
		{F3251E6E-5B6A-425E-AD3A-53F5307F90A7}.Release|Any CPU.ActiveCfg = Release|Any CPU
		{F3251E6E-5B6A-425E-AD3A-53F5307F90A7}.Release|Any CPU.Build.0 = Release|Any CPU
	EndGlobalSection
EndGlobal
